<?xml version="1.0" encoding="utf-8"?>
<Project ToolsVersion="4.0" xmlns="http://schemas.microsoft.com/developer/msbuild/2003">
  <ItemGroup>
    <ClInclude Include="inc\HVector.h" />
    <ClInclude Include="inc\HMathBasic.h" />
    <ClInclude Include="inc\HMathType.h" />
    <ClInclude Include="inc\HMatrix.h" />
    <ClInclude Include="inc\HQuaternion.h" />
    <ClInclude Include="inc\HyperionMath.h" />
  </ItemGroup>
  <ItemGroup>
    <ClCompile Include="src\HQuaternion.cpp" />
    <ClCompile Include="src\HVector.cpp" />
    <ClCompile Include="src\HMathBasic.cpp" />
    <ClCompile Include="src\HMatrix.cpp" />
  </ItemGroup>
  <ItemGroup>
    <Filter Include="doc">
      <UniqueIdentifier>{9f9f424a-5dc6-403c-ba26-6caebd654ae9}</UniqueIdentifier>
    </Filter>
  </ItemGroup>
  <ItemGroup>
    <Text Include="doc\readme.txt">
      <Filter>doc</Filter>
    </Text>
  </ItemGroup>
</Project>