<?xml version="1.0" encoding="utf-8"?>
<Project ToolsVersion="4.0" xmlns="http://schemas.microsoft.com/developer/msbuild/2003">
  <ItemGroup>
    <ClCompile Include="EngineCore\DirectX\DXResource.cpp">
      <Filter>EngineCore\DirectX</Filter>
    </ClCompile>
    <ClCompile Include="EngineCore\File\FBXMeshLoader.cpp">
      <Filter>EngineCore\File</Filter>
    </ClCompile>
    <ClCompile Include="EngineCore\File\ImageGenerator.cpp">
      <Filter>EngineCore\File</Filter>
    </ClCompile>
    <ClCompile Include="EngineCore\Renderer\SceneRenderer.cpp">
      <Filter>EngineCore\Renderer</Filter>
    </ClCompile>
    <ClCompile Include="EngineCore\Renderer\PipelineManager.cpp">
      <Filter>EngineCore\Renderer</Filter>
    </ClCompile>
    <ClCompile Include="EngineCore\main.cpp">
      <Filter>EngineCore</Filter>
    </ClCompile>
    <ClCompile Include="EngineWorker\Accelerators\HBVH.cpp">
      <Filter>EngineWorker\Accelerators</Filter>
    </ClCompile>
    <ClCompile Include="EngineWorker\Core\Integrator.cpp">
      <Filter>EngineWorker\Core</Filter>
    </ClCompile>
    <ClCompile Include="EngineWorker\Core\Interaction.cpp">
      <Filter>EngineWorker\Core</Filter>
    </ClCompile>
    <ClCompile Include="EngineWorker\Core\Reflection.cpp">
      <Filter>EngineWorker\Core</Filter>
    </ClCompile>
    <ClCompile Include="EngineWorker\Core\HObject.cpp">
      <Filter>EngineWorker\Core</Filter>
    </ClCompile>
    <ClCompile Include="EngineWorker\Core\HSampler.cpp">
      <Filter>EngineWorker\Core</Filter>
    </ClCompile>
    <ClCompile Include="EngineWorker\Core\HScene.cpp">
      <Filter>EngineWorker\Core</Filter>
    </ClCompile>
    <ClCompile Include="EngineWorker\Core\HSceneManager.cpp">
      <Filter>EngineWorker\Core</Filter>
    </ClCompile>
    <ClCompile Include="EngineWorker\Integrators\whitted.cpp">
      <Filter>EngineWorker\Integrators</Filter>
    </ClCompile>
    <ClCompile Include="EngineWorker\Lights\HPointLight.cpp">
      <Filter>EngineWorker\Lights</Filter>
    </ClCompile>
    <ClCompile Include="EngineWorker\Lights\HLight.cpp">
      <Filter>EngineWorker\Lights</Filter>
    </ClCompile>
    <ClCompile Include="EngineWorker\Scenes\Sphere.cpp">
      <Filter>EngineWorker\Scenes</Filter>
    </ClCompile>
    <ClCompile Include="EngineWorker\Scenes\Transform.cpp">
      <Filter>EngineWorker\Scenes</Filter>
    </ClCompile>
    <ClCompile Include="EngineWorker\Scenes\Box.cpp">
      <Filter>EngineWorker\Scenes</Filter>
    </ClCompile>
    <ClCompile Include="EngineWorker\Scenes\Camera.cpp">
      <Filter>EngineWorker\Scenes</Filter>
    </ClCompile>
    <ClCompile Include="EngineWorker\Scenes\HMesh.cpp">
      <Filter>EngineWorker\Scenes</Filter>
    </ClCompile>
    <ClCompile Include="EngineWorker\Samplers\HDefaultSampler.cpp">
      <Filter>EngineWorker\Samplers</Filter>
    </ClCompile>
    <ClCompile Include="EngineWorker\Samplers\HPixelSampler.cpp">
      <Filter>EngineWorker\Samplers</Filter>
    </ClCompile>
    <ClCompile Include="EngineWorker\Math\HMath.cpp">
      <Filter>EngineWorker\Math</Filter>
    </ClCompile>
    <ClCompile Include="EngineWorker\Math\RandomNumberGenerator.cpp">
      <Filter>EngineWorker\Math</Filter>
    </ClCompile>
    <ClCompile Include="EngineWorker\Materials\HMatteMaterial.cpp">
      <Filter>EngineWorker\Materials</Filter>
    </ClCompile>
    <ClCompile Include="EngineWorker\Materials\HMirrorMaterial.cpp">
      <Filter>EngineWorker\Materials</Filter>
    </ClCompile>
    <ClCompile Include="EngineWorker\Materials\HGlassMaterial.cpp">
      <Filter>EngineWorker\Materials</Filter>
    </ClCompile>
    <ClCompile Include="EngineWorker\Materials\HMaterial.cpp">
      <Filter>EngineWorker\Materials</Filter>
    </ClCompile>
    <ClCompile Include="EngineCore\File\FBXDataConvert.cpp">
      <Filter>EngineCore\File</Filter>
    </ClCompile>
    <ClCompile Include="EngineWorker\Scenes\HPrimitive.cpp">
      <Filter>EngineWorker\Scenes</Filter>
    </ClCompile>
    <ClCompile Include="EngineWorker\Scenes\HLine.cpp">
      <Filter>EngineWorker\Scenes</Filter>
    </ClCompile>
    <ClCompile Include="EngineWorker\Scenes\HSegment.cpp">
      <Filter>EngineWorker\Scenes</Filter>
    </ClCompile>
    <ClCompile Include="EngineWorker\Scenes\HShape.cpp">
      <Filter>EngineWorker\Scenes</Filter>
    </ClCompile>
    <ClCompile Include="EngineCore\Core\App.cpp">
      <Filter>EngineCore\Core</Filter>
    </ClCompile>
    <ClCompile Include="EngineCore\Core\global.cpp">
      <Filter>EngineCore\Core</Filter>
    </ClCompile>
    <ClCompile Include="EngineCore\Input\HInput.cpp">
      <Filter>EngineCore\Input</Filter>
    </ClCompile>
    <ClCompile Include="EngineWorker\Core\HScript.cpp">
      <Filter>EngineWorker\Core</Filter>
    </ClCompile>
    <ClCompile Include="EngineWorker\Scripts\HSTest.cpp">
      <Filter>EngineWorker\Scripts</Filter>
    </ClCompile>
    <ClCompile Include="EngineWorker\Core\HListener.cpp">
      <Filter>EngineWorker\Core</Filter>
    </ClCompile>
    <ClCompile Include="EngineWorker\Core\HEvent.cpp">
      <Filter>EngineWorker\Core</Filter>
    </ClCompile>
    <ClCompile Include="EngineWorker\Scripts\HSFirstPersonalCamera.cpp">
      <Filter>EngineWorker\Scripts</Filter>
    </ClCompile>
  </ItemGroup>
  <ItemGroup>
    <ClInclude Include="EngineCore\DirectX\DXResource.h">
      <Filter>EngineCore\DirectX</Filter>
    </ClInclude>
    <ClInclude Include="EngineCore\DirectX\d3dx12.h">
      <Filter>EngineCore\DirectX</Filter>
    </ClInclude>
    <ClInclude Include="EngineCore\DirectX\DirectXHelper.h">
      <Filter>EngineCore\DirectX</Filter>
    </ClInclude>
    <ClInclude Include="EngineCore\File\ImageGenerator.h">
      <Filter>EngineCore\File</Filter>
    </ClInclude>
    <ClInclude Include="EngineCore\File\FBXMeshLoader.h">
      <Filter>EngineCore\File</Filter>
    </ClInclude>
    <ClInclude Include="EngineCore\Renderer\SceneRenderer.h">
      <Filter>EngineCore\Renderer</Filter>
    </ClInclude>
    <ClInclude Include="EngineCore\Renderer\ShaderStructures.h">
      <Filter>EngineCore\Renderer</Filter>
    </ClInclude>
    <ClInclude Include="EngineCore\Renderer\PipelineManager.h">
      <Filter>EngineCore\Renderer</Filter>
    </ClInclude>
    <ClInclude Include="EngineCore\header.h">
      <Filter>EngineCore</Filter>
    </ClInclude>
    <ClInclude Include="EngineWorker\Accelerators\HBVH.h">
      <Filter>EngineWorker\Accelerators</Filter>
    </ClInclude>
    <ClInclude Include="EngineWorker\Core\HSceneManager.h">
      <Filter>EngineWorker\Core</Filter>
    </ClInclude>
    <ClInclude Include="EngineWorker\Core\Integrator.h">
      <Filter>EngineWorker\Core</Filter>
    </ClInclude>
    <ClInclude Include="EngineWorker\Core\Interaction.h">
      <Filter>EngineWorker\Core</Filter>
    </ClInclude>
    <ClInclude Include="EngineWorker\Core\Reflection.h">
      <Filter>EngineWorker\Core</Filter>
    </ClInclude>
    <ClInclude Include="EngineWorker\Core\HObject.h">
      <Filter>EngineWorker\Core</Filter>
    </ClInclude>
    <ClInclude Include="EngineWorker\Core\HSampler.h">
      <Filter>EngineWorker\Core</Filter>
    </ClInclude>
    <ClInclude Include="EngineWorker\Core\HScene.h">
      <Filter>EngineWorker\Core</Filter>
    </ClInclude>
    <ClInclude Include="EngineWorker\Integrators\whitted.h">
      <Filter>EngineWorker\Integrators</Filter>
    </ClInclude>
    <ClInclude Include="EngineWorker\Lights\HPointLight.h">
      <Filter>EngineWorker\Lights</Filter>
    </ClInclude>
    <ClInclude Include="EngineWorker\Lights\HLight.h">
      <Filter>EngineWorker\Lights</Filter>
    </ClInclude>
    <ClInclude Include="EngineWorker\Scenes\Sphere.h">
      <Filter>EngineWorker\Scenes</Filter>
    </ClInclude>
    <ClInclude Include="EngineWorker\Scenes\Transform.h">
      <Filter>EngineWorker\Scenes</Filter>
    </ClInclude>
    <ClInclude Include="EngineWorker\Scenes\Box.h">
      <Filter>EngineWorker\Scenes</Filter>
    </ClInclude>
    <ClInclude Include="EngineWorker\Scenes\Camera.h">
      <Filter>EngineWorker\Scenes</Filter>
    </ClInclude>
    <ClInclude Include="EngineWorker\Scenes\HMesh.h">
      <Filter>EngineWorker\Scenes</Filter>
    </ClInclude>
    <ClInclude Include="EngineWorker\Samplers\HPixelSampler.h">
      <Filter>EngineWorker\Samplers</Filter>
    </ClInclude>
    <ClInclude Include="EngineWorker\Samplers\HDefaultSampler.h">
      <Filter>EngineWorker\Samplers</Filter>
    </ClInclude>
    <ClInclude Include="EngineWorker\Math\RandomNumberGenerator.h">
      <Filter>EngineWorker\Math</Filter>
    </ClInclude>
    <ClInclude Include="EngineWorker\Math\HMath.h">
      <Filter>EngineWorker\Math</Filter>
    </ClInclude>
    <ClInclude Include="EngineWorker\Materials\HMatteMaterial.h">
      <Filter>EngineWorker\Materials</Filter>
    </ClInclude>
    <ClInclude Include="EngineWorker\Materials\HMirrorMaterial.h">
      <Filter>EngineWorker\Materials</Filter>
    </ClInclude>
    <ClInclude Include="EngineWorker\Materials\HGlassMaterial.h">
      <Filter>EngineWorker\Materials</Filter>
    </ClInclude>
    <ClInclude Include="EngineWorker\Materials\HMaterial.h">
      <Filter>EngineWorker\Materials</Filter>
    </ClInclude>
    <ClInclude Include="EngineCore\File\FBXDataConvert.h">
      <Filter>EngineCore\File</Filter>
    </ClInclude>
    <ClInclude Include="EngineWorker\Scenes\HPrimitive.h">
      <Filter>EngineWorker\Scenes</Filter>
    </ClInclude>
    <ClInclude Include="EngineWorker\Scenes\HLine.h">
      <Filter>EngineWorker\Scenes</Filter>
    </ClInclude>
    <ClInclude Include="EngineWorker\Scenes\HSegment.h">
      <Filter>EngineWorker\Scenes</Filter>
    </ClInclude>
    <ClInclude Include="EngineWorker\Scenes\HShape.h">
      <Filter>EngineWorker\Scenes</Filter>
    </ClInclude>
    <ClInclude Include="EngineCore\Core\global.h">
      <Filter>EngineCore\Core</Filter>
    </ClInclude>
    <ClInclude Include="EngineCore\Core\App.h">
      <Filter>EngineCore\Core</Filter>
    </ClInclude>
    <ClInclude Include="EngineCore\Core\HInstance.h">
      <Filter>EngineCore\Core</Filter>
    </ClInclude>
    <ClInclude Include="EngineCore\Input\HInput.h">
      <Filter>EngineCore\Input</Filter>
    </ClInclude>
    <ClInclude Include="EngineWorker\Core\HScript.h">
      <Filter>EngineWorker\Core</Filter>
    </ClInclude>
    <ClInclude Include="EngineWorker\Scripts\HSTest.h">
      <Filter>EngineWorker\Scripts</Filter>
    </ClInclude>
    <ClInclude Include="EngineWorker\Scripts\HScriptType.h">
      <Filter>EngineWorker\Scripts</Filter>
    </ClInclude>
    <ClInclude Include="EngineWorker\Core\HListener.h">
      <Filter>EngineWorker\Core</Filter>
    </ClInclude>
    <ClInclude Include="EngineWorker\Core\HEvent.h">
      <Filter>EngineWorker\Core</Filter>
    </ClInclude>
    <ClInclude Include="EngineWorker\Scripts\HSFirstPersonalCamera.h">
      <Filter>EngineWorker\Scripts</Filter>
    </ClInclude>
  </ItemGroup>
  <ItemGroup>
    <Filter Include="EngineCore">
      <UniqueIdentifier>{abd6c365-adff-4ca1-864f-eb85700d2413}</UniqueIdentifier>
    </Filter>
    <Filter Include="EngineCore\DirectX">
      <UniqueIdentifier>{f0cd9e15-1ebb-4087-8a8d-a6d3ae45cda9}</UniqueIdentifier>
    </Filter>
    <Filter Include="EngineCore\File">
      <UniqueIdentifier>{99826a86-672d-4434-bb21-679e5af4d247}</UniqueIdentifier>
    </Filter>
    <Filter Include="EngineCore\Shader">
      <UniqueIdentifier>{3517e472-2a50-411a-927a-f5f6bb514031}</UniqueIdentifier>
    </Filter>
    <Filter Include="EngineCore\Renderer">
      <UniqueIdentifier>{8ad2fe49-f34d-4df2-bd65-71a520214917}</UniqueIdentifier>
    </Filter>
    <Filter Include="EngineWorker">
      <UniqueIdentifier>{0f506a41-ecad-4da5-b340-53e93f36df28}</UniqueIdentifier>
    </Filter>
    <Filter Include="EngineWorker\Core">
      <UniqueIdentifier>{aa99ae3f-61fe-426a-9231-f2a22fac6909}</UniqueIdentifier>
    </Filter>
    <Filter Include="EngineWorker\Integrators">
      <UniqueIdentifier>{a2198855-5e23-4999-a3cc-7026ddddf209}</UniqueIdentifier>
    </Filter>
    <Filter Include="EngineWorker\Samplers">
      <UniqueIdentifier>{d50c43c1-ed00-42f1-9ddd-9366bf7815c8}</UniqueIdentifier>
    </Filter>
    <Filter Include="EngineWorker\Accelerators">
      <UniqueIdentifier>{95d55625-79fb-417a-bc6a-25d490a34ecd}</UniqueIdentifier>
    </Filter>
    <Filter Include="EngineWorker\Scenes">
      <UniqueIdentifier>{6e6e21e0-a4fa-46ca-9a57-a7a45c85fd9b}</UniqueIdentifier>
    </Filter>
    <Filter Include="EngineWorker\Lights">
      <UniqueIdentifier>{cd5e98a5-fcf3-47c9-90f1-5ff6f9192591}</UniqueIdentifier>
    </Filter>
    <Filter Include="EngineWorker\Math">
      <UniqueIdentifier>{f56d8c1d-88ae-4b32-81ea-a8c56eee1645}</UniqueIdentifier>
    </Filter>
    <Filter Include="EngineWorker\Materials">
      <UniqueIdentifier>{d3d794de-09b8-4a5c-9b73-582a19754177}</UniqueIdentifier>
    </Filter>
    <Filter Include="EngineCore\Input">
      <UniqueIdentifier>{fb1997b2-7566-4772-9db1-9f6794ed6a14}</UniqueIdentifier>
    </Filter>
    <Filter Include="EngineCore\Core">
      <UniqueIdentifier>{791ada6f-b508-4b5c-8bcf-6eeb63d10501}</UniqueIdentifier>
    </Filter>
    <Filter Include="EngineWorker\Scripts">
      <UniqueIdentifier>{d8cdd7ef-7ae2-4f3a-80d3-4a04ba788dbb}</UniqueIdentifier>
    </Filter>
  </ItemGroup>
  <ItemGroup>
    <None Include="..\..\Next Work" />
    <None Include="..\..\HyperionFrame Include Hierarchy.vsdx" />
    <None Include="..\..\Version log" />
  </ItemGroup>
  <ItemGroup>
    <FxCompile Include="EngineCore\Shader\SampleVertexShader.hlsl">
      <Filter>EngineCore\Shader</Filter>
    </FxCompile>
    <FxCompile Include="EngineCore\Shader\SamplePixelShader.hlsl">
      <Filter>EngineCore\Shader</Filter>
    </FxCompile>
  </ItemGroup>
</Project>