
Microsoft Visual Studio Solution File, Format Version 12.00
# Visual Studio 15
VisualStudioVersion = 15.0.28010.2003
MinimumVisualStudioVersion = 10.0.40219.1
Project("{8BC9CEB8-8B4A-11D0-8D11-00A0C91BC942}") = "HyperionFrame", "HyperionFrame\HyperionFrame.vcxproj", "{A55055E4-9F58-47F2-9806-8A909F0DA7CF}"
	ProjectSection(ProjectDependencies) = postProject
		{33842630-5245-444F-B7CD-F038F3C2707A} = {33842630-5245-444F-B7CD-F038F3C2707A}
		{C575B44A-0EB4-4C86-8B2C-DB522B8BA38B} = {C575B44A-0EB4-4C86-8B2C-DB522B8BA38B}
	EndProjectSection
EndProject
Project("{8BC9CEB8-8B4A-11D0-8D11-00A0C91BC942}") = "FBXImporter", "FBXImporter\FBXImporter.vcxproj", "{33842630-5245-444F-B7CD-F038F3C2707A}"
EndProject
Project("{8BC9CEB8-8B4A-11D0-8D11-00A0C91BC942}") = "HyperionMath", "HyperionMath\HyperionMath.vcxproj", "{C575B44A-0EB4-4C86-8B2C-DB522B8BA38B}"
EndProject
Global
	GlobalSection(SolutionConfigurationPlatforms) = preSolution
		Debug|x64 = Debug|x64
		Release|x64 = Release|x64
	EndGlobalSection
	GlobalSection(ProjectConfigurationPlatforms) = postSolution
		{A55055E4-9F58-47F2-9806-8A909F0DA7CF}.Debug|x64.ActiveCfg = Debug|x64
		{A55055E4-9F58-47F2-9806-8A909F0DA7CF}.Debug|x64.Build.0 = Debug|x64
		{A55055E4-9F58-47F2-9806-8A909F0DA7CF}.Release|x64.ActiveCfg = Release|x64
		{A55055E4-9F58-47F2-9806-8A909F0DA7CF}.Release|x64.Build.0 = Release|x64
		{33842630-5245-444F-B7CD-F038F3C2707A}.Debug|x64.ActiveCfg = Debug|x64
		{33842630-5245-444F-B7CD-F038F3C2707A}.Debug|x64.Build.0 = Debug|x64
		{33842630-5245-444F-B7CD-F038F3C2707A}.Release|x64.ActiveCfg = Release|x64
		{33842630-5245-444F-B7CD-F038F3C2707A}.Release|x64.Build.0 = Release|x64
		{C575B44A-0EB4-4C86-8B2C-DB522B8BA38B}.Debug|x64.ActiveCfg = Debug|x64
		{C575B44A-0EB4-4C86-8B2C-DB522B8BA38B}.Debug|x64.Build.0 = Debug|x64
		{C575B44A-0EB4-4C86-8B2C-DB522B8BA38B}.Release|x64.ActiveCfg = Release|x64
		{C575B44A-0EB4-4C86-8B2C-DB522B8BA38B}.Release|x64.Build.0 = Release|x64
	EndGlobalSection
	GlobalSection(SolutionProperties) = preSolution
		HideSolutionNode = FALSE
	EndGlobalSection
	GlobalSection(ExtensibilityGlobals) = postSolution
		SolutionGuid = {5DCF4EAB-631A-46FC-BE29-A57A9A2EABB1}
	EndGlobalSection
EndGlobal
